
Microsoft Visual Studio Solution File, Format Version 12.00
# Visual Studio 15
VisualStudioVersion = 15.0.28307.271
MinimumVisualStudioVersion = 10.0.40219.1
Project("{E24C65DC-7377-472B-9ABA-BC803B73C61A}") = "Loader(1)", "Loader\", "{CDD74C39-2B9F-45E1-8930-B780F2F41C46}"
	ProjectSection(WebsiteProperties) = preProject
		TargetFrameworkMoniker = ".NETFramework,Version%3Dv4.0"
		Debug.AspNetCompiler.VirtualPath = "/localhost_29838"
		Debug.AspNetCompiler.PhysicalPath = "Loader\"
		Debug.AspNetCompiler.TargetPath = "PrecompiledWeb\localhost_29838\"
		Debug.AspNetCompiler.Updateable = "true"
		Debug.AspNetCompiler.ForceOverwrite = "true"
		Debug.AspNetCompiler.FixedNames = "false"
		Debug.AspNetCompiler.Debug = "True"
		Release.AspNetCompiler.VirtualPath = "/localhost_29838"
		Release.AspNetCompiler.PhysicalPath = "Loader\"
		Release.AspNetCompiler.TargetPath = "PrecompiledWeb\localhost_29838\"
		Release.AspNetCompiler.Updateable = "true"
		Release.AspNetCompiler.ForceOverwrite = "true"
		Release.AspNetCompiler.FixedNames = "false"
		Release.AspNetCompiler.Debug = "False"
		VWDPort = "29838"
		SlnRelativePath = "Loader\"
	EndProjectSection
EndProject
Global
	GlobalSection(SolutionConfigurationPlatforms) = preSolution
		Debug|Any CPU = Debug|Any CPU
	EndGlobalSection
	GlobalSection(ProjectConfigurationPlatforms) = postSolution
		{CDD74C39-2B9F-45E1-8930-B780F2F41C46}.Debug|Any CPU.ActiveCfg = Debug|Any CPU
		{CDD74C39-2B9F-45E1-8930-B780F2F41C46}.Debug|Any CPU.Build.0 = Debug|Any CPU
	EndGlobalSection
	GlobalSection(SolutionProperties) = preSolution
		HideSolutionNode = FALSE
	EndGlobalSection
	GlobalSection(ExtensibilityGlobals) = postSolution
		SolutionGuid = {F62C66C2-1E29-4890-9EA4-5EDA496C8194}
	EndGlobalSection
EndGlobal
